// !$*UTF8*$!
{
	archiveVersion = 1;
	classes = {
	};
	objectVersion = 46;
	objects = {

/* Begin PBXBuildFile section */
		0C55FEBF023E618010719B14 /* libPods-Zerx.a in Frameworks */ = {isa = PBXBuildFile; fileRef = 5F235A2FB3267670BE478F6C /* libPods-Zerx.a */; };
		8A49F7691D145A0A00561975 /* SlideNavigationContorllerAnimatorFade.m in Sources */ = {isa = PBXBuildFile; fileRef = 8A49F7591D145A0A00561975 /* SlideNavigationContorllerAnimatorFade.m */; };
		8A49F76A1D145A0A00561975 /* SlideNavigationContorllerAnimatorScale.m in Sources */ = {isa = PBXBuildFile; fileRef = 8A49F75B1D145A0A00561975 /* SlideNavigationContorllerAnimatorScale.m */; };
		8A49F76B1D145A0A00561975 /* SlideNavigationContorllerAnimatorScaleAndFade.m in Sources */ = {isa = PBXBuildFile; fileRef = 8A49F75D1D145A0A00561975 /* SlideNavigationContorllerAnimatorScaleAndFade.m */; };
		8A49F76C1D145A0A00561975 /* SlideNavigationContorllerAnimatorSlide.m in Sources */ = {isa = PBXBuildFile; fileRef = 8A49F75F1D145A0A00561975 /* SlideNavigationContorllerAnimatorSlide.m */; };
		8A49F76D1D145A0A00561975 /* SlideNavigationContorllerAnimatorSlideAndFade.m in Sources */ = {isa = PBXBuildFile; fileRef = 8A49F7611D145A0A00561975 /* SlideNavigationContorllerAnimatorSlideAndFade.m */; };
		8A49F76E1D145A0A00561975 /* menu-button.png in Resources */ = {isa = PBXBuildFile; fileRef = 8A49F7631D145A0A00561975 /* menu-button.png */; };
		8A49F76F1D145A0A00561975 /* menu-button@2x.png in Resources */ = {isa = PBXBuildFile; fileRef = 8A49F7641D145A0A00561975 /* menu-button@2x.png */; };
		8A49F7701D145A0A00561975 /* LeftMenuViewController.m in Sources */ = {isa = PBXBuildFile; fileRef = 8A49F7661D145A0A00561975 /* LeftMenuViewController.m */; };
		8A49F7711D145A0A00561975 /* SlideNavigationController.m in Sources */ = {isa = PBXBuildFile; fileRef = 8A49F7681D145A0A00561975 /* SlideNavigationController.m */; };
		8A49F77F1D146C1D00561975 /* Roboto-Regular.ttf in Resources */ = {isa = PBXBuildFile; fileRef = 8A49F77C1D146C1C00561975 /* Roboto-Regular.ttf */; };
		8A49F7801D146C1D00561975 /* Roboto-Thin.ttf in Resources */ = {isa = PBXBuildFile; fileRef = 8A49F77D1D146C1C00561975 /* Roboto-Thin.ttf */; };
		8A49F7811D146C1D00561975 /* RobotoCondensed-Regular.ttf in Resources */ = {isa = PBXBuildFile; fileRef = 8A49F77E1D146C1D00561975 /* RobotoCondensed-Regular.ttf */; };
		8A49F7861D146C5500561975 /* ApplicationData.m in Sources */ = {isa = PBXBuildFile; fileRef = 8A49F7841D146C5500561975 /* ApplicationData.m */; };
		8A49F78A1D146D0300561975 /* User.m in Sources */ = {isa = PBXBuildFile; fileRef = 8A49F7891D146D0300561975 /* User.m */; };
		8A49F78C1D146F7400561975 /* RegisterationVC.m in Sources */ = {isa = PBXBuildFile; fileRef = 8A49F78B1D146F7400561975 /* RegisterationVC.m */; };
		8A49F78F1D1479E500561975 /* HomeVC.m in Sources */ = {isa = PBXBuildFile; fileRef = 8A49F78E1D1479E500561975 /* HomeVC.m */; };
		8A49F7941D148ED700561975 /* bookmarked.png in Resources */ = {isa = PBXBuildFile; fileRef = 8A49F7901D148ED700561975 /* bookmarked.png */; };
		8A49F7961D148ED700561975 /* settings.png in Resources */ = {isa = PBXBuildFile; fileRef = 8A49F7921D148ED700561975 /* settings.png */; };
		8A49F7971D148ED700561975 /* talktous.png in Resources */ = {isa = PBXBuildFile; fileRef = 8A49F7931D148ED700561975 /* talktous.png */; };
		8A49F7991D14DFFF00561975 /* recommend.png in Resources */ = {isa = PBXBuildFile; fileRef = 8A49F7981D14DFFF00561975 /* recommend.png */; };
		8A49F79B1D14E15200561975 /* search.png in Resources */ = {isa = PBXBuildFile; fileRef = 8A49F79A1D14E15200561975 /* search.png */; };
		8A49F79E1D14E24D00561975 /* RecommendMechanicVC.m in Sources */ = {isa = PBXBuildFile; fileRef = 8A49F79D1D14E24D00561975 /* RecommendMechanicVC.m */; };
		8A49F7A11D14E5BB00561975 /* SettingsVC.m in Sources */ = {isa = PBXBuildFile; fileRef = 8A49F7A01D14E5BB00561975 /* SettingsVC.m */; };
		8A49F7A41D14E68D00561975 /* ChangePasswordVC.m in Sources */ = {isa = PBXBuildFile; fileRef = 8A49F7A31D14E68D00561975 /* ChangePasswordVC.m */; };
		8A7F73B41D134E6200342A6C /* main.m in Sources */ = {isa = PBXBuildFile; fileRef = 8A7F73B31D134E6200342A6C /* main.m */; };
		8A7F73B71D134E6200342A6C /* AppDelegate.m in Sources */ = {isa = PBXBuildFile; fileRef = 8A7F73B61D134E6200342A6C /* AppDelegate.m */; };
		8A7F73BD1D134E6200342A6C /* Main.storyboard in Resources */ = {isa = PBXBuildFile; fileRef = 8A7F73BB1D134E6200342A6C /* Main.storyboard */; };
		8A7F73C01D134E6200342A6C /* Zerx.xcdatamodeld in Sources */ = {isa = PBXBuildFile; fileRef = 8A7F73BE1D134E6200342A6C /* Zerx.xcdatamodeld */; };
		8A7F73C21D134E6200342A6C /* Assets.xcassets in Resources */ = {isa = PBXBuildFile; fileRef = 8A7F73C11D134E6200342A6C /* Assets.xcassets */; };
		8A7F73C51D134E6200342A6C /* LaunchScreen.storyboard in Resources */ = {isa = PBXBuildFile; fileRef = 8A7F73C31D134E6200342A6C /* LaunchScreen.storyboard */; };
		8A7F73D01D134E6200342A6C /* ZerxTests.m in Sources */ = {isa = PBXBuildFile; fileRef = 8A7F73CF1D134E6200342A6C /* ZerxTests.m */; };
		8A7F73DB1D134E6200342A6C /* ZerxUITests.m in Sources */ = {isa = PBXBuildFile; fileRef = 8A7F73DA1D134E6200342A6C /* ZerxUITests.m */; };
		8A7F73EA1D13508C00342A6C /* background.png in Resources */ = {isa = PBXBuildFile; fileRef = 8A7F73E91D13508C00342A6C /* background.png */; };
		8A7F73EE1D1352C500342A6C /* LoginVC.m in Sources */ = {isa = PBXBuildFile; fileRef = 8A7F73ED1D1352C500342A6C /* LoginVC.m */; };
		8A7F73F01D13925900342A6C /* back_white_icon.png in Resources */ = {isa = PBXBuildFile; fileRef = 8A7F73EF1D13925900342A6C /* back_white_icon.png */; };
		8ABD06C71D15CBA700736198 /* SplashViewController.m in Sources */ = {isa = PBXBuildFile; fileRef = 8ABD06C61D15CBA700736198 /* SplashViewController.m */; };
		8ABD06C91D15CC3D00736198 /* logo.png in Resources */ = {isa = PBXBuildFile; fileRef = 8ABD06C81D15CC3D00736198 /* logo.png */; };
/* End PBXBuildFile section */

/* Begin PBXContainerItemProxy section */
		8A7F73CC1D134E6200342A6C /* PBXContainerItemProxy */ = {
			isa = PBXContainerItemProxy;
			containerPortal = 8A7F73A71D134E6100342A6C /* Project object */;
			proxyType = 1;
			remoteGlobalIDString = 8A7F73AE1D134E6100342A6C;
			remoteInfo = Zerx;
		};
		8A7F73D71D134E6200342A6C /* PBXContainerItemProxy */ = {
			isa = PBXContainerItemProxy;
			containerPortal = 8A7F73A71D134E6100342A6C /* Project object */;
			proxyType = 1;
			remoteGlobalIDString = 8A7F73AE1D134E6100342A6C;
			remoteInfo = Zerx;
		};
/* End PBXContainerItemProxy section */

/* Begin PBXFileReference section */
		5F235A2FB3267670BE478F6C /* libPods-Zerx.a */ = {isa = PBXFileReference; explicitFileType = archive.ar; includeInIndex = 0; path = "libPods-Zerx.a"; sourceTree = BUILT_PRODUCTS_DIR; };
		8A49F7571D145A0A00561975 /* SlideNavigationContorllerAnimator.h */ = {isa = PBXFileReference; fileEncoding = 4; lastKnownFileType = sourcecode.c.h; path = SlideNavigationContorllerAnimator.h; sourceTree = "<group>"; };
		8A49F7581D145A0A00561975 /* SlideNavigationContorllerAnimatorFade.h */ = {isa = PBXFileReference; fileEncoding = 4; lastKnownFileType = sourcecode.c.h; path = SlideNavigationContorllerAnimatorFade.h; sourceTree = "<group>"; };
		8A49F7591D145A0A00561975 /* SlideNavigationContorllerAnimatorFade.m */ = {isa = PBXFileReference; fileEncoding = 4; lastKnownFileType = sourcecode.c.objc; path = SlideNavigationContorllerAnimatorFade.m; sourceTree = "<group>"; };
		8A49F75A1D145A0A00561975 /* SlideNavigationContorllerAnimatorScale.h */ = {isa = PBXFileReference; fileEncoding = 4; lastKnownFileType = sourcecode.c.h; path = SlideNavigationContorllerAnimatorScale.h; sourceTree = "<group>"; };
		8A49F75B1D145A0A00561975 /* SlideNavigationContorllerAnimatorScale.m */ = {isa = PBXFileReference; fileEncoding = 4; lastKnownFileType = sourcecode.c.objc; path = SlideNavigationContorllerAnimatorScale.m; sourceTree = "<group>"; };
		8A49F75C1D145A0A00561975 /* SlideNavigationContorllerAnimatorScaleAndFade.h */ = {isa = PBXFileReference; fileEncoding = 4; lastKnownFileType = sourcecode.c.h; path = SlideNavigationContorllerAnimatorScaleAndFade.h; sourceTree = "<group>"; };
		8A49F75D1D145A0A00561975 /* SlideNavigationContorllerAnimatorScaleAndFade.m */ = {isa = PBXFileReference; fileEncoding = 4; lastKnownFileType = sourcecode.c.objc; path = SlideNavigationContorllerAnimatorScaleAndFade.m; sourceTree = "<group>"; };
		8A49F75E1D145A0A00561975 /* SlideNavigationContorllerAnimatorSlide.h */ = {isa = PBXFileReference; fileEncoding = 4; lastKnownFileType = sourcecode.c.h; path = SlideNavigationContorllerAnimatorSlide.h; sourceTree = "<group>"; };
		8A49F75F1D145A0A00561975 /* SlideNavigationContorllerAnimatorSlide.m */ = {isa = PBXFileReference; fileEncoding = 4; lastKnownFileType = sourcecode.c.objc; path = SlideNavigationContorllerAnimatorSlide.m; sourceTree = "<group>"; };
		8A49F7601D145A0A00561975 /* SlideNavigationContorllerAnimatorSlideAndFade.h */ = {isa = PBXFileReference; fileEncoding = 4; lastKnownFileType = sourcecode.c.h; path = SlideNavigationContorllerAnimatorSlideAndFade.h; sourceTree = "<group>"; };
		8A49F7611D145A0A00561975 /* SlideNavigationContorllerAnimatorSlideAndFade.m */ = {isa = PBXFileReference; fileEncoding = 4; lastKnownFileType = sourcecode.c.objc; path = SlideNavigationContorllerAnimatorSlideAndFade.m; sourceTree = "<group>"; };
		8A49F7631D145A0A00561975 /* menu-button.png */ = {isa = PBXFileReference; lastKnownFileType = image.png; path = "menu-button.png"; sourceTree = "<group>"; };
		8A49F7641D145A0A00561975 /* menu-button@2x.png */ = {isa = PBXFileReference; lastKnownFileType = image.png; path = "menu-button@2x.png"; sourceTree = "<group>"; };
		8A49F7651D145A0A00561975 /* LeftMenuViewController.h */ = {isa = PBXFileReference; fileEncoding = 4; lastKnownFileType = sourcecode.c.h; path = LeftMenuViewController.h; sourceTree = "<group>"; };
		8A49F7661D145A0A00561975 /* LeftMenuViewController.m */ = {isa = PBXFileReference; fileEncoding = 4; lastKnownFileType = sourcecode.c.objc; path = LeftMenuViewController.m; sourceTree = "<group>"; };
		8A49F7671D145A0A00561975 /* SlideNavigationController.h */ = {isa = PBXFileReference; fileEncoding = 4; lastKnownFileType = sourcecode.c.h; path = SlideNavigationController.h; sourceTree = "<group>"; };
		8A49F7681D145A0A00561975 /* SlideNavigationController.m */ = {isa = PBXFileReference; fileEncoding = 4; lastKnownFileType = sourcecode.c.objc; path = SlideNavigationController.m; sourceTree = "<group>"; };
		8A49F77C1D146C1C00561975 /* Roboto-Regular.ttf */ = {isa = PBXFileReference; lastKnownFileType = file; name = "Roboto-Regular.ttf"; path = "Fonts/Roboto-Regular.ttf"; sourceTree = "<group>"; };
		8A49F77D1D146C1C00561975 /* Roboto-Thin.ttf */ = {isa = PBXFileReference; lastKnownFileType = file; name = "Roboto-Thin.ttf"; path = "Fonts/Roboto-Thin.ttf"; sourceTree = "<group>"; };
		8A49F77E1D146C1D00561975 /* RobotoCondensed-Regular.ttf */ = {isa = PBXFileReference; lastKnownFileType = file; name = "RobotoCondensed-Regular.ttf"; path = "Fonts/RobotoCondensed-Regular.ttf"; sourceTree = "<group>"; };
		8A49F7831D146C5500561975 /* ApplicationData.h */ = {isa = PBXFileReference; fileEncoding = 4; lastKnownFileType = sourcecode.c.h; path = ApplicationData.h; sourceTree = "<group>"; };
		8A49F7841D146C5500561975 /* ApplicationData.m */ = {isa = PBXFileReference; fileEncoding = 4; lastKnownFileType = sourcecode.c.objc; path = ApplicationData.m; sourceTree = "<group>"; };
		8A49F7881D146D0300561975 /* User.h */ = {isa = PBXFileReference; fileEncoding = 4; lastKnownFileType = sourcecode.c.h; path = User.h; sourceTree = "<group>"; };
		8A49F7891D146D0300561975 /* User.m */ = {isa = PBXFileReference; fileEncoding = 4; lastKnownFileType = sourcecode.c.objc; path = User.m; sourceTree = "<group>"; };
		8A49F78B1D146F7400561975 /* RegisterationVC.m */ = {isa = PBXFileReference; fileEncoding = 4; lastKnownFileType = sourcecode.c.objc; name = RegisterationVC.m; path = ViewControllers/RegisterationVC.m; sourceTree = "<group>"; };
		8A49F78D1D1479E500561975 /* HomeVC.h */ = {isa = PBXFileReference; fileEncoding = 4; lastKnownFileType = sourcecode.c.h; name = HomeVC.h; path = ViewControllers/HomeVC.h; sourceTree = "<group>"; };
		8A49F78E1D1479E500561975 /* HomeVC.m */ = {isa = PBXFileReference; fileEncoding = 4; lastKnownFileType = sourcecode.c.objc; name = HomeVC.m; path = ViewControllers/HomeVC.m; sourceTree = "<group>"; };
		8A49F7901D148ED700561975 /* bookmarked.png */ = {isa = PBXFileReference; lastKnownFileType = image.png; name = bookmarked.png; path = images/bookmarked.png; sourceTree = "<group>"; };
		8A49F7921D148ED700561975 /* settings.png */ = {isa = PBXFileReference; lastKnownFileType = image.png; name = settings.png; path = images/settings.png; sourceTree = "<group>"; };
		8A49F7931D148ED700561975 /* talktous.png */ = {isa = PBXFileReference; lastKnownFileType = image.png; name = talktous.png; path = images/talktous.png; sourceTree = "<group>"; };
		8A49F7981D14DFFF00561975 /* recommend.png */ = {isa = PBXFileReference; lastKnownFileType = image.png; name = recommend.png; path = images/recommend.png; sourceTree = "<group>"; };
		8A49F79A1D14E15200561975 /* search.png */ = {isa = PBXFileReference; lastKnownFileType = image.png; name = search.png; path = images/search.png; sourceTree = "<group>"; };
		8A49F79C1D14E24D00561975 /* RecommendMechanicVC.h */ = {isa = PBXFileReference; fileEncoding = 4; lastKnownFileType = sourcecode.c.h; name = RecommendMechanicVC.h; path = ViewControllers/RecommendMechanicVC.h; sourceTree = "<group>"; };
		8A49F79D1D14E24D00561975 /* RecommendMechanicVC.m */ = {isa = PBXFileReference; fileEncoding = 4; lastKnownFileType = sourcecode.c.objc; name = RecommendMechanicVC.m; path = ViewControllers/RecommendMechanicVC.m; sourceTree = "<group>"; };
		8A49F79F1D14E5BB00561975 /* SettingsVC.h */ = {isa = PBXFileReference; fileEncoding = 4; lastKnownFileType = sourcecode.c.h; name = SettingsVC.h; path = ViewControllers/SettingsVC.h; sourceTree = "<group>"; };
		8A49F7A01D14E5BB00561975 /* SettingsVC.m */ = {isa = PBXFileReference; fileEncoding = 4; lastKnownFileType = sourcecode.c.objc; name = SettingsVC.m; path = ViewControllers/SettingsVC.m; sourceTree = "<group>"; };
		8A49F7A21D14E68D00561975 /* ChangePasswordVC.h */ = {isa = PBXFileReference; fileEncoding = 4; lastKnownFileType = sourcecode.c.h; name = ChangePasswordVC.h; path = ViewControllers/ChangePasswordVC.h; sourceTree = "<group>"; };
		8A49F7A31D14E68D00561975 /* ChangePasswordVC.m */ = {isa = PBXFileReference; fileEncoding = 4; lastKnownFileType = sourcecode.c.objc; name = ChangePasswordVC.m; path = ViewControllers/ChangePasswordVC.m; sourceTree = "<group>"; };
		8A7F73AF1D134E6100342A6C /* Zerx.app */ = {isa = PBXFileReference; explicitFileType = wrapper.application; includeInIndex = 0; path = Zerx.app; sourceTree = BUILT_PRODUCTS_DIR; };
		8A7F73B31D134E6200342A6C /* main.m */ = {isa = PBXFileReference; lastKnownFileType = sourcecode.c.objc; path = main.m; sourceTree = "<group>"; };
		8A7F73B51D134E6200342A6C /* AppDelegate.h */ = {isa = PBXFileReference; lastKnownFileType = sourcecode.c.h; path = AppDelegate.h; sourceTree = "<group>"; };
		8A7F73B61D134E6200342A6C /* AppDelegate.m */ = {isa = PBXFileReference; lastKnownFileType = sourcecode.c.objc; path = AppDelegate.m; sourceTree = "<group>"; };
		8A7F73BC1D134E6200342A6C /* Base */ = {isa = PBXFileReference; lastKnownFileType = file.storyboard; name = Base; path = Base.lproj/Main.storyboard; sourceTree = "<group>"; };
		8A7F73BF1D134E6200342A6C /* Zerx.xcdatamodel */ = {isa = PBXFileReference; lastKnownFileType = wrapper.xcdatamodel; path = Zerx.xcdatamodel; sourceTree = "<group>"; };
		8A7F73C11D134E6200342A6C /* Assets.xcassets */ = {isa = PBXFileReference; lastKnownFileType = folder.assetcatalog; path = Assets.xcassets; sourceTree = "<group>"; };
		8A7F73C41D134E6200342A6C /* Base */ = {isa = PBXFileReference; lastKnownFileType = file.storyboard; name = Base; path = Base.lproj/LaunchScreen.storyboard; sourceTree = "<group>"; };
		8A7F73C61D134E6200342A6C /* Info.plist */ = {isa = PBXFileReference; lastKnownFileType = text.plist.xml; path = Info.plist; sourceTree = "<group>"; };
		8A7F73CB1D134E6200342A6C /* ZerxTests.xctest */ = {isa = PBXFileReference; explicitFileType = wrapper.cfbundle; includeInIndex = 0; path = ZerxTests.xctest; sourceTree = BUILT_PRODUCTS_DIR; };
		8A7F73CF1D134E6200342A6C /* ZerxTests.m */ = {isa = PBXFileReference; lastKnownFileType = sourcecode.c.objc; path = ZerxTests.m; sourceTree = "<group>"; };
		8A7F73D11D134E6200342A6C /* Info.plist */ = {isa = PBXFileReference; lastKnownFileType = text.plist.xml; path = Info.plist; sourceTree = "<group>"; };
		8A7F73D61D134E6200342A6C /* ZerxUITests.xctest */ = {isa = PBXFileReference; explicitFileType = wrapper.cfbundle; includeInIndex = 0; path = ZerxUITests.xctest; sourceTree = BUILT_PRODUCTS_DIR; };
		8A7F73DA1D134E6200342A6C /* ZerxUITests.m */ = {isa = PBXFileReference; lastKnownFileType = sourcecode.c.objc; path = ZerxUITests.m; sourceTree = "<group>"; };
		8A7F73DC1D134E6200342A6C /* Info.plist */ = {isa = PBXFileReference; lastKnownFileType = text.plist.xml; path = Info.plist; sourceTree = "<group>"; };
		8A7F73E91D13508C00342A6C /* background.png */ = {isa = PBXFileReference; lastKnownFileType = image.png; name = background.png; path = images/background.png; sourceTree = "<group>"; };
		8A7F73EC1D1352C500342A6C /* LoginVC.h */ = {isa = PBXFileReference; fileEncoding = 4; lastKnownFileType = sourcecode.c.h; name = LoginVC.h; path = ViewControllers/LoginVC.h; sourceTree = "<group>"; };
		8A7F73ED1D1352C500342A6C /* LoginVC.m */ = {isa = PBXFileReference; fileEncoding = 4; lastKnownFileType = sourcecode.c.objc; name = LoginVC.m; path = ViewControllers/LoginVC.m; sourceTree = "<group>"; };
		8A7F73EF1D13925900342A6C /* back_white_icon.png */ = {isa = PBXFileReference; lastKnownFileType = image.png; name = back_white_icon.png; path = images/back_white_icon.png; sourceTree = "<group>"; };
		8A7F73F11D13949200342A6C /* RegisterationVC.h */ = {isa = PBXFileReference; fileEncoding = 4; lastKnownFileType = sourcecode.c.h; name = RegisterationVC.h; path = ViewControllers/RegisterationVC.h; sourceTree = "<group>"; };
		8ABD06C51D15CBA700736198 /* SplashViewController.h */ = {isa = PBXFileReference; fileEncoding = 4; lastKnownFileType = sourcecode.c.h; name = SplashViewController.h; path = ViewControllers/SplashViewController.h; sourceTree = "<group>"; };
		8ABD06C61D15CBA700736198 /* SplashViewController.m */ = {isa = PBXFileReference; fileEncoding = 4; lastKnownFileType = sourcecode.c.objc; name = SplashViewController.m; path = ViewControllers/SplashViewController.m; sourceTree = "<group>"; };
		8ABD06C81D15CC3D00736198 /* logo.png */ = {isa = PBXFileReference; lastKnownFileType = image.png; name = logo.png; path = images/logo.png; sourceTree = "<group>"; };
		FBD9CAD825A1E21D825BCCC9 /* Pods-Zerx.debug.xcconfig */ = {isa = PBXFileReference; includeInIndex = 1; lastKnownFileType = text.xcconfig; name = "Pods-Zerx.debug.xcconfig"; path = "Pods/Target Support Files/Pods-Zerx/Pods-Zerx.debug.xcconfig"; sourceTree = "<group>"; };
		FD14C825661AAE2101C71DC7 /* Pods-Zerx.release.xcconfig */ = {isa = PBXFileReference; includeInIndex = 1; lastKnownFileType = text.xcconfig; name = "Pods-Zerx.release.xcconfig"; path = "Pods/Target Support Files/Pods-Zerx/Pods-Zerx.release.xcconfig"; sourceTree = "<group>"; };
/* End PBXFileReference section */

/* Begin PBXFrameworksBuildPhase section */
		8A7F73AC1D134E6100342A6C /* Frameworks */ = {
			isa = PBXFrameworksBuildPhase;
			buildActionMask = 2147483647;
			files = (
				0C55FEBF023E618010719B14 /* libPods-Zerx.a in Frameworks */,
			);
			runOnlyForDeploymentPostprocessing = 0;
		};
		8A7F73C81D134E6200342A6C /* Frameworks */ = {
			isa = PBXFrameworksBuildPhase;
			buildActionMask = 2147483647;
			files = (
			);
			runOnlyForDeploymentPostprocessing = 0;
		};
		8A7F73D31D134E6200342A6C /* Frameworks */ = {
			isa = PBXFrameworksBuildPhase;
			buildActionMask = 2147483647;
			files = (
			);
			runOnlyForDeploymentPostprocessing = 0;
		};
/* End PBXFrameworksBuildPhase section */

/* Begin PBXGroup section */
		5172BEA553C9FF810F04B3DE /* Frameworks */ = {
			isa = PBXGroup;
			children = (
				5F235A2FB3267670BE478F6C /* libPods-Zerx.a */,
			);
			name = Frameworks;
			sourceTree = "<group>";
		};
		8A49F7541D1459F900561975 /* APIs */ = {
			isa = PBXGroup;
			children = (
				8A49F7821D146C5500561975 /* Library */,
				8A49F7551D145A0A00561975 /* SlideMenu */,
			);
			name = APIs;
			sourceTree = "<group>";
		};
		8A49F7551D145A0A00561975 /* SlideMenu */ = {
			isa = PBXGroup;
			children = (
				8A49F7561D145A0A00561975 /* Animations */,
				8A49F7621D145A0A00561975 /* Assets */,
				8A49F7651D145A0A00561975 /* LeftMenuViewController.h */,
				8A49F7661D145A0A00561975 /* LeftMenuViewController.m */,
				8A49F7671D145A0A00561975 /* SlideNavigationController.h */,
				8A49F7681D145A0A00561975 /* SlideNavigationController.m */,
			);
			name = SlideMenu;
			path = APIs/SlideMenu;
			sourceTree = "<group>";
		};
		8A49F7561D145A0A00561975 /* Animations */ = {
			isa = PBXGroup;
			children = (
				8A49F7571D145A0A00561975 /* SlideNavigationContorllerAnimator.h */,
				8A49F7581D145A0A00561975 /* SlideNavigationContorllerAnimatorFade.h */,
				8A49F7591D145A0A00561975 /* SlideNavigationContorllerAnimatorFade.m */,
				8A49F75A1D145A0A00561975 /* SlideNavigationContorllerAnimatorScale.h */,
				8A49F75B1D145A0A00561975 /* SlideNavigationContorllerAnimatorScale.m */,
				8A49F75C1D145A0A00561975 /* SlideNavigationContorllerAnimatorScaleAndFade.h */,
				8A49F75D1D145A0A00561975 /* SlideNavigationContorllerAnimatorScaleAndFade.m */,
				8A49F75E1D145A0A00561975 /* SlideNavigationContorllerAnimatorSlide.h */,
				8A49F75F1D145A0A00561975 /* SlideNavigationContorllerAnimatorSlide.m */,
				8A49F7601D145A0A00561975 /* SlideNavigationContorllerAnimatorSlideAndFade.h */,
				8A49F7611D145A0A00561975 /* SlideNavigationContorllerAnimatorSlideAndFade.m */,
			);
			path = Animations;
			sourceTree = "<group>";
		};
		8A49F7621D145A0A00561975 /* Assets */ = {
			isa = PBXGroup;
			children = (
				8A49F7631D145A0A00561975 /* menu-button.png */,
				8A49F7641D145A0A00561975 /* menu-button@2x.png */,
			);
			path = Assets;
			sourceTree = "<group>";
		};
		8A49F7721D145B4100561975 /* Fonts */ = {
			isa = PBXGroup;
			children = (
				8A49F77C1D146C1C00561975 /* Roboto-Regular.ttf */,
				8A49F77D1D146C1C00561975 /* Roboto-Thin.ttf */,
				8A49F77E1D146C1D00561975 /* RobotoCondensed-Regular.ttf */,
			);
			name = Fonts;
			sourceTree = "<group>";
		};
		8A49F7821D146C5500561975 /* Library */ = {
			isa = PBXGroup;
			children = (
				8A49F7831D146C5500561975 /* ApplicationData.h */,
				8A49F7841D146C5500561975 /* ApplicationData.m */,
			);
			name = Library;
			path = APIs/Library;
			sourceTree = "<group>";
		};
		8A49F7871D146D0300561975 /* Model */ = {
			isa = PBXGroup;
			children = (
				8A49F7881D146D0300561975 /* User.h */,
				8A49F7891D146D0300561975 /* User.m */,
			);
			path = Model;
			sourceTree = "<group>";
		};
		8A7F73A61D134E6100342A6C = {
			isa = PBXGroup;
			children = (
				8A7F73B11D134E6200342A6C /* Zerx */,
				8A7F73CE1D134E6200342A6C /* ZerxTests */,
				8A7F73D91D134E6200342A6C /* ZerxUITests */,
				8A7F73B01D134E6100342A6C /* Products */,
				B849767367DA0B18B9A4F721 /* Pods */,
				5172BEA553C9FF810F04B3DE /* Frameworks */,
			);
			sourceTree = "<group>";
		};
		8A7F73B01D134E6100342A6C /* Products */ = {
			isa = PBXGroup;
			children = (
				8A7F73AF1D134E6100342A6C /* Zerx.app */,
				8A7F73CB1D134E6200342A6C /* ZerxTests.xctest */,
				8A7F73D61D134E6200342A6C /* ZerxUITests.xctest */,
			);
			name = Products;
			sourceTree = "<group>";
		};
		8A7F73B11D134E6200342A6C /* Zerx */ = {
			isa = PBXGroup;
			children = (
				8A49F7871D146D0300561975 /* Model */,
				8A49F7721D145B4100561975 /* Fonts */,
				8A49F7541D1459F900561975 /* APIs */,
				8A7F73EB1D13526E00342A6C /* ViewControllers */,
				8A7F73E81D13507B00342A6C /* images */,
				8A7F73B51D134E6200342A6C /* AppDelegate.h */,
				8A7F73B61D134E6200342A6C /* AppDelegate.m */,
				8A7F73BB1D134E6200342A6C /* Main.storyboard */,
				8A7F73C11D134E6200342A6C /* Assets.xcassets */,
				8A7F73C31D134E6200342A6C /* LaunchScreen.storyboard */,
				8A7F73C61D134E6200342A6C /* Info.plist */,
				8A7F73BE1D134E6200342A6C /* Zerx.xcdatamodeld */,
				8A7F73B21D134E6200342A6C /* Supporting Files */,
			);
			path = Zerx;
			sourceTree = "<group>";
		};
		8A7F73B21D134E6200342A6C /* Supporting Files */ = {
			isa = PBXGroup;
			children = (
				8A7F73B31D134E6200342A6C /* main.m */,
			);
			name = "Supporting Files";
			sourceTree = "<group>";
		};
		8A7F73CE1D134E6200342A6C /* ZerxTests */ = {
			isa = PBXGroup;
			children = (
				8A7F73CF1D134E6200342A6C /* ZerxTests.m */,
				8A7F73D11D134E6200342A6C /* Info.plist */,
			);
			path = ZerxTests;
			sourceTree = "<group>";
		};
		8A7F73D91D134E6200342A6C /* ZerxUITests */ = {
			isa = PBXGroup;
			children = (
				8A7F73DA1D134E6200342A6C /* ZerxUITests.m */,
				8A7F73DC1D134E6200342A6C /* Info.plist */,
			);
			path = ZerxUITests;
			sourceTree = "<group>";
		};
		8A7F73E81D13507B00342A6C /* images */ = {
			isa = PBXGroup;
			children = (
				8ABD06C81D15CC3D00736198 /* logo.png */,
				8A49F79A1D14E15200561975 /* search.png */,
				8A49F7981D14DFFF00561975 /* recommend.png */,
				8A49F7901D148ED700561975 /* bookmarked.png */,
				8A49F7921D148ED700561975 /* settings.png */,
				8A49F7931D148ED700561975 /* talktous.png */,
				8A7F73EF1D13925900342A6C /* back_white_icon.png */,
				8A7F73E91D13508C00342A6C /* background.png */,
			);
			name = images;
			sourceTree = "<group>";
		};
		8A7F73EB1D13526E00342A6C /* ViewControllers */ = {
			isa = PBXGroup;
			children = (
				8A49F7A21D14E68D00561975 /* ChangePasswordVC.h */,
				8A49F7A31D14E68D00561975 /* ChangePasswordVC.m */,
				8A49F79F1D14E5BB00561975 /* SettingsVC.h */,
				8A49F7A01D14E5BB00561975 /* SettingsVC.m */,
				8A7F73EC1D1352C500342A6C /* LoginVC.h */,
				8A7F73ED1D1352C500342A6C /* LoginVC.m */,
				8A7F73F11D13949200342A6C /* RegisterationVC.h */,
				8A49F78B1D146F7400561975 /* RegisterationVC.m */,
				8A49F78D1D1479E500561975 /* HomeVC.h */,
				8A49F78E1D1479E500561975 /* HomeVC.m */,
				8A49F79C1D14E24D00561975 /* RecommendMechanicVC.h */,
				8A49F79D1D14E24D00561975 /* RecommendMechanicVC.m */,
				8ABD06C51D15CBA700736198 /* SplashViewController.h */,
				8ABD06C61D15CBA700736198 /* SplashViewController.m */,
			);
			name = ViewControllers;
			sourceTree = "<group>";
		};
		B849767367DA0B18B9A4F721 /* Pods */ = {
			isa = PBXGroup;
			children = (
				FBD9CAD825A1E21D825BCCC9 /* Pods-Zerx.debug.xcconfig */,
				FD14C825661AAE2101C71DC7 /* Pods-Zerx.release.xcconfig */,
			);
			name = Pods;
			sourceTree = "<group>";
		};
/* End PBXGroup section */

/* Begin PBXNativeTarget section */
		8A7F73AE1D134E6100342A6C /* Zerx */ = {
			isa = PBXNativeTarget;
			buildConfigurationList = 8A7F73DF1D134E6200342A6C /* Build configuration list for PBXNativeTarget "Zerx" */;
			buildPhases = (
				07B6724D980600E9D63357E0 /* Check Pods Manifest.lock */,
				8A7F73AB1D134E6100342A6C /* Sources */,
				8A7F73AC1D134E6100342A6C /* Frameworks */,
				8A7F73AD1D134E6100342A6C /* Resources */,
				46A366191713EDCB3D25D3B8 /* Embed Pods Frameworks */,
				E1E9356A24A4DB8300310E1D /* Copy Pods Resources */,
			);
			buildRules = (
			);
			dependencies = (
			);
			name = Zerx;
			productName = Zerx;
			productReference = 8A7F73AF1D134E6100342A6C /* Zerx.app */;
			productType = "com.apple.product-type.application";
		};
		8A7F73CA1D134E6200342A6C /* ZerxTests */ = {
			isa = PBXNativeTarget;
			buildConfigurationList = 8A7F73E21D134E6200342A6C /* Build configuration list for PBXNativeTarget "ZerxTests" */;
			buildPhases = (
				8A7F73C71D134E6200342A6C /* Sources */,
				8A7F73C81D134E6200342A6C /* Frameworks */,
				8A7F73C91D134E6200342A6C /* Resources */,
			);
			buildRules = (
			);
			dependencies = (
				8A7F73CD1D134E6200342A6C /* PBXTargetDependency */,
			);
			name = ZerxTests;
			productName = ZerxTests;
			productReference = 8A7F73CB1D134E6200342A6C /* ZerxTests.xctest */;
			productType = "com.apple.product-type.bundle.unit-test";
		};
		8A7F73D51D134E6200342A6C /* ZerxUITests */ = {
			isa = PBXNativeTarget;
			buildConfigurationList = 8A7F73E51D134E6200342A6C /* Build configuration list for PBXNativeTarget "ZerxUITests" */;
			buildPhases = (
				8A7F73D21D134E6200342A6C /* Sources */,
				8A7F73D31D134E6200342A6C /* Frameworks */,
				8A7F73D41D134E6200342A6C /* Resources */,
			);
			buildRules = (
			);
			dependencies = (
				8A7F73D81D134E6200342A6C /* PBXTargetDependency */,
			);
			name = ZerxUITests;
			productName = ZerxUITests;
			productReference = 8A7F73D61D134E6200342A6C /* ZerxUITests.xctest */;
			productType = "com.apple.product-type.bundle.ui-testing";
		};
/* End PBXNativeTarget section */

/* Begin PBXProject section */
		8A7F73A71D134E6100342A6C /* Project object */ = {
			isa = PBXProject;
			attributes = {
				LastUpgradeCheck = 0730;
				ORGANIZATIONNAME = kevin;
				TargetAttributes = {
					8A7F73AE1D134E6100342A6C = {
						CreatedOnToolsVersion = 7.3;
						DevelopmentTeam = ULUVMR633L;
					};
					8A7F73CA1D134E6200342A6C = {
						CreatedOnToolsVersion = 7.3;
						TestTargetID = 8A7F73AE1D134E6100342A6C;
					};
					8A7F73D51D134E6200342A6C = {
						CreatedOnToolsVersion = 7.3;
						TestTargetID = 8A7F73AE1D134E6100342A6C;
					};
				};
			};
			buildConfigurationList = 8A7F73AA1D134E6100342A6C /* Build configuration list for PBXProject "Zerx" */;
			compatibilityVersion = "Xcode 3.2";
			developmentRegion = English;
			hasScannedForEncodings = 0;
			knownRegions = (
				en,
				Base,
			);
			mainGroup = 8A7F73A61D134E6100342A6C;
			productRefGroup = 8A7F73B01D134E6100342A6C /* Products */;
			projectDirPath = "";
			projectRoot = "";
			targets = (
				8A7F73AE1D134E6100342A6C /* Zerx */,
				8A7F73CA1D134E6200342A6C /* ZerxTests */,
				8A7F73D51D134E6200342A6C /* ZerxUITests */,
			);
		};
/* End PBXProject section */

/* Begin PBXResourcesBuildPhase section */
		8A7F73AD1D134E6100342A6C /* Resources */ = {
			isa = PBXResourcesBuildPhase;
			buildActionMask = 2147483647;
			files = (
				8A49F7991D14DFFF00561975 /* recommend.png in Resources */,
				8A7F73C51D134E6200342A6C /* LaunchScreen.storyboard in Resources */,
				8A7F73EA1D13508C00342A6C /* background.png in Resources */,
				8A49F79B1D14E15200561975 /* search.png in Resources */,
				8A49F77F1D146C1D00561975 /* Roboto-Regular.ttf in Resources */,
				8A49F76E1D145A0A00561975 /* menu-button.png in Resources */,
				8A49F76F1D145A0A00561975 /* menu-button@2x.png in Resources */,
				8A7F73C21D134E6200342A6C /* Assets.xcassets in Resources */,
				8A49F7971D148ED700561975 /* talktous.png in Resources */,
				8A7F73F01D13925900342A6C /* back_white_icon.png in Resources */,
				8A7F73BD1D134E6200342A6C /* Main.storyboard in Resources */,
				8A49F7811D146C1D00561975 /* RobotoCondensed-Regular.ttf in Resources */,
				8ABD06C91D15CC3D00736198 /* logo.png in Resources */,
				8A49F7961D148ED700561975 /* settings.png in Resources */,
				8A49F7941D148ED700561975 /* bookmarked.png in Resources */,
				8A49F7801D146C1D00561975 /* Roboto-Thin.ttf in Resources */,
			);
			runOnlyForDeploymentPostprocessing = 0;
		};
		8A7F73C91D134E6200342A6C /* Resources */ = {
			isa = PBXResourcesBuildPhase;
			buildActionMask = 2147483647;
			files = (
			);
			runOnlyForDeploymentPostprocessing = 0;
		};
		8A7F73D41D134E6200342A6C /* Resources */ = {
			isa = PBXResourcesBuildPhase;
			buildActionMask = 2147483647;
			files = (
			);
			runOnlyForDeploymentPostprocessing = 0;
		};
/* End PBXResourcesBuildPhase section */

/* Begin PBXShellScriptBuildPhase section */
		07B6724D980600E9D63357E0 /* Check Pods Manifest.lock */ = {
			isa = PBXShellScriptBuildPhase;
			buildActionMask = 2147483647;
			files = (
			);
			inputPaths = (
			);
			name = "Check Pods Manifest.lock";
			outputPaths = (
			);
			runOnlyForDeploymentPostprocessing = 0;
			shellPath = /bin/sh;
			shellScript = "diff \"${PODS_ROOT}/../Podfile.lock\" \"${PODS_ROOT}/Manifest.lock\" > /dev/null\nif [[ $? != 0 ]] ; then\n    cat << EOM\nerror: The sandbox is not in sync with the Podfile.lock. Run 'pod install' or update your CocoaPods installation.\nEOM\n    exit 1\nfi\n";
			showEnvVarsInLog = 0;
		};
		46A366191713EDCB3D25D3B8 /* Embed Pods Frameworks */ = {
			isa = PBXShellScriptBuildPhase;
			buildActionMask = 2147483647;
			files = (
			);
			inputPaths = (
			);
			name = "Embed Pods Frameworks";
			outputPaths = (
			);
			runOnlyForDeploymentPostprocessing = 0;
			shellPath = /bin/sh;
			shellScript = "\"${SRCROOT}/Pods/Target Support Files/Pods-Zerx/Pods-Zerx-frameworks.sh\"\n";
			showEnvVarsInLog = 0;
		};
		E1E9356A24A4DB8300310E1D /* Copy Pods Resources */ = {
			isa = PBXShellScriptBuildPhase;
			buildActionMask = 2147483647;
			files = (
			);
			inputPaths = (
			);
			name = "Copy Pods Resources";
			outputPaths = (
			);
			runOnlyForDeploymentPostprocessing = 0;
			shellPath = /bin/sh;
			shellScript = "\"${SRCROOT}/Pods/Target Support Files/Pods-Zerx/Pods-Zerx-resources.sh\"\n";
			showEnvVarsInLog = 0;
		};
/* End PBXShellScriptBuildPhase section */

/* Begin PBXSourcesBuildPhase section */
		8A7F73AB1D134E6100342A6C /* Sources */ = {
			isa = PBXSourcesBuildPhase;
			buildActionMask = 2147483647;
			files = (
				8A49F7691D145A0A00561975 /* SlideNavigationContorllerAnimatorFade.m in Sources */,
				8A7F73B71D134E6200342A6C /* AppDelegate.m in Sources */,
				8A7F73C01D134E6200342A6C /* Zerx.xcdatamodeld in Sources */,
				8A49F78F1D1479E500561975 /* HomeVC.m in Sources */,
				8A49F7711D145A0A00561975 /* SlideNavigationController.m in Sources */,
				8A49F7A11D14E5BB00561975 /* SettingsVC.m in Sources */,
				8A7F73EE1D1352C500342A6C /* LoginVC.m in Sources */,
				8A49F7A41D14E68D00561975 /* ChangePasswordVC.m in Sources */,
				8A49F78C1D146F7400561975 /* RegisterationVC.m in Sources */,
				8A49F76B1D145A0A00561975 /* SlideNavigationContorllerAnimatorScaleAndFade.m in Sources */,
				8A49F7861D146C5500561975 /* ApplicationData.m in Sources */,
				8A49F78A1D146D0300561975 /* User.m in Sources */,
				8A7F73B41D134E6200342A6C /* main.m in Sources */,
				8A49F79E1D14E24D00561975 /* RecommendMechanicVC.m in Sources */,
				8ABD06C71D15CBA700736198 /* SplashViewController.m in Sources */,
				8A49F76A1D145A0A00561975 /* SlideNavigationContorllerAnimatorScale.m in Sources */,
				8A49F76D1D145A0A00561975 /* SlideNavigationContorllerAnimatorSlideAndFade.m in Sources */,
				8A49F76C1D145A0A00561975 /* SlideNavigationContorllerAnimatorSlide.m in Sources */,
				8A49F7701D145A0A00561975 /* LeftMenuViewController.m in Sources */,
			);
			runOnlyForDeploymentPostprocessing = 0;
		};
		8A7F73C71D134E6200342A6C /* Sources */ = {
			isa = PBXSourcesBuildPhase;
			buildActionMask = 2147483647;
			files = (
				8A7F73D01D134E6200342A6C /* ZerxTests.m in Sources */,
			);
			runOnlyForDeploymentPostprocessing = 0;
		};
		8A7F73D21D134E6200342A6C /* Sources */ = {
			isa = PBXSourcesBuildPhase;
			buildActionMask = 2147483647;
			files = (
				8A7F73DB1D134E6200342A6C /* ZerxUITests.m in Sources */,
			);
			runOnlyForDeploymentPostprocessing = 0;
		};
/* End PBXSourcesBuildPhase section */

/* Begin PBXTargetDependency section */
		8A7F73CD1D134E6200342A6C /* PBXTargetDependency */ = {
			isa = PBXTargetDependency;
			target = 8A7F73AE1D134E6100342A6C /* Zerx */;
			targetProxy = 8A7F73CC1D134E6200342A6C /* PBXContainerItemProxy */;
		};
		8A7F73D81D134E6200342A6C /* PBXTargetDependency */ = {
			isa = PBXTargetDependency;
			target = 8A7F73AE1D134E6100342A6C /* Zerx */;
			targetProxy = 8A7F73D71D134E6200342A6C /* PBXContainerItemProxy */;
		};
/* End PBXTargetDependency section */

/* Begin PBXVariantGroup section */
		8A7F73BB1D134E6200342A6C /* Main.storyboard */ = {
			isa = PBXVariantGroup;
			children = (
				8A7F73BC1D134E6200342A6C /* Base */,
			);
			name = Main.storyboard;
			sourceTree = "<group>";
		};
		8A7F73C31D134E6200342A6C /* LaunchScreen.storyboard */ = {
			isa = PBXVariantGroup;
			children = (
				8A7F73C41D134E6200342A6C /* Base */,
			);
			name = LaunchScreen.storyboard;
			sourceTree = "<group>";
		};
/* End PBXVariantGroup section */

/* Begin XCBuildConfiguration section */
		8A7F73DD1D134E6200342A6C /* Debug */ = {
			isa = XCBuildConfiguration;
			buildSettings = {
				ALWAYS_SEARCH_USER_PATHS = NO;
				CLANG_ANALYZER_NONNULL = YES;
				CLANG_CXX_LANGUAGE_STANDARD = "gnu++0x";
				CLANG_CXX_LIBRARY = "libc++";
				CLANG_ENABLE_MODULES = YES;
				CLANG_ENABLE_OBJC_ARC = YES;
				CLANG_WARN_BOOL_CONVERSION = YES;
				CLANG_WARN_CONSTANT_CONVERSION = YES;
				CLANG_WARN_DIRECT_OBJC_ISA_USAGE = YES_ERROR;
				CLANG_WARN_EMPTY_BODY = YES;
				CLANG_WARN_ENUM_CONVERSION = YES;
				CLANG_WARN_INT_CONVERSION = YES;
				CLANG_WARN_OBJC_ROOT_CLASS = YES_ERROR;
				CLANG_WARN_UNREACHABLE_CODE = YES;
				CLANG_WARN__DUPLICATE_METHOD_MATCH = YES;
				CODE_SIGN_IDENTITY = "iPhone Distribution: Beverly Rue (ULUVMR633L)";
				"CODE_SIGN_IDENTITY[sdk=iphoneos*]" = "iPhone Distribution: Beverly Rue (ULUVMR633L)";
				COPY_PHASE_STRIP = NO;
				DEBUG_INFORMATION_FORMAT = dwarf;
				ENABLE_STRICT_OBJC_MSGSEND = YES;
				ENABLE_TESTABILITY = YES;
				GCC_C_LANGUAGE_STANDARD = gnu99;
				GCC_DYNAMIC_NO_PIC = NO;
				GCC_NO_COMMON_BLOCKS = YES;
				GCC_OPTIMIZATION_LEVEL = 0;
				GCC_PREPROCESSOR_DEFINITIONS = (
					"DEBUG=1",
					"$(inherited)",
				);
				GCC_WARN_64_TO_32_BIT_CONVERSION = YES;
				GCC_WARN_ABOUT_RETURN_TYPE = YES_ERROR;
				GCC_WARN_UNDECLARED_SELECTOR = YES;
				GCC_WARN_UNINITIALIZED_AUTOS = YES_AGGRESSIVE;
				GCC_WARN_UNUSED_FUNCTION = YES;
				GCC_WARN_UNUSED_VARIABLE = YES;
				IPHONEOS_DEPLOYMENT_TARGET = 9.3;
				MTL_ENABLE_DEBUG_INFO = YES;
				ONLY_ACTIVE_ARCH = YES;
				PROVISIONING_PROFILE = "22148cb2-7a6f-4776-b365-2a5794da3114";
				SDKROOT = iphoneos;
				TARGETED_DEVICE_FAMILY = "1,2";
			};
			name = Debug;
		};
		8A7F73DE1D134E6200342A6C /* Release */ = {
			isa = XCBuildConfiguration;
			buildSettings = {
				ALWAYS_SEARCH_USER_PATHS = NO;
				CLANG_ANALYZER_NONNULL = YES;
				CLANG_CXX_LANGUAGE_STANDARD = "gnu++0x";
				CLANG_CXX_LIBRARY = "libc++";
				CLANG_ENABLE_MODULES = YES;
				CLANG_ENABLE_OBJC_ARC = YES;
				CLANG_WARN_BOOL_CONVERSION = YES;
				CLANG_WARN_CONSTANT_CONVERSION = YES;
				CLANG_WARN_DIRECT_OBJC_ISA_USAGE = YES_ERROR;
				CLANG_WARN_EMPTY_BODY = YES;
				CLANG_WARN_ENUM_CONVERSION = YES;
				CLANG_WARN_INT_CONVERSION = YES;
				CLANG_WARN_OBJC_ROOT_CLASS = YES_ERROR;
				CLANG_WARN_UNREACHABLE_CODE = YES;
				CLANG_WARN__DUPLICATE_METHOD_MATCH = YES;
				CODE_SIGN_IDENTITY = "iPhone Distribution: Beverly Rue (ULUVMR633L)";
				"CODE_SIGN_IDENTITY[sdk=iphoneos*]" = "iPhone Distribution: Beverly Rue (ULUVMR633L)";
				COPY_PHASE_STRIP = NO;
				DEBUG_INFORMATION_FORMAT = "dwarf-with-dsym";
				ENABLE_NS_ASSERTIONS = NO;
				ENABLE_STRICT_OBJC_MSGSEND = YES;
				GCC_C_LANGUAGE_STANDARD = gnu99;
				GCC_NO_COMMON_BLOCKS = YES;
				GCC_WARN_64_TO_32_BIT_CONVERSION = YES;
				GCC_WARN_ABOUT_RETURN_TYPE = YES_ERROR;
				GCC_WARN_UNDECLARED_SELECTOR = YES;
				GCC_WARN_UNINITIALIZED_AUTOS = YES_AGGRESSIVE;
				GCC_WARN_UNUSED_FUNCTION = YES;
				GCC_WARN_UNUSED_VARIABLE = YES;
				IPHONEOS_DEPLOYMENT_TARGET = 9.3;
				MTL_ENABLE_DEBUG_INFO = NO;
				PROVISIONING_PROFILE = "22148cb2-7a6f-4776-b365-2a5794da3114";
				SDKROOT = iphoneos;
				TARGETED_DEVICE_FAMILY = "1,2";
				VALIDATE_PRODUCT = YES;
			};
			name = Release;
		};
		8A7F73E01D134E6200342A6C /* Debug */ = {
			isa = XCBuildConfiguration;
			baseConfigurationReference = FBD9CAD825A1E21D825BCCC9 /* Pods-Zerx.debug.xcconfig */;
			buildSettings = {
				ASSETCATALOG_COMPILER_APPICON_NAME = AppIcon;
				CODE_SIGN_IDENTITY = "iPhone Distribution: Beverly Rue (ULUVMR633L)";
				INFOPLIST_FILE = Zerx/Info.plist;
				IPHONEOS_DEPLOYMENT_TARGET = 8.4;
				LD_RUNPATH_SEARCH_PATHS = "$(inherited) @executable_path/Frameworks";
				PRODUCT_BUNDLE_IDENTIFIER = com.zerx.Zerx;
				PRODUCT_NAME = "$(TARGET_NAME)";
				PROVISIONING_PROFILE = "22148cb2-7a6f-4776-b365-2a5794da3114";
			};
			name = Debug;
		};
		8A7F73E11D134E6200342A6C /* Release */ = {
			isa = XCBuildConfiguration;
			baseConfigurationReference = FD14C825661AAE2101C71DC7 /* Pods-Zerx.release.xcconfig */;
			buildSettings = {
				ASSETCATALOG_COMPILER_APPICON_NAME = AppIcon;
				CODE_SIGN_IDENTITY = "iPhone Distribution: Beverly Rue (ULUVMR633L)";
				INFOPLIST_FILE = Zerx/Info.plist;
				IPHONEOS_DEPLOYMENT_TARGET = 8.4;
				LD_RUNPATH_SEARCH_PATHS = "$(inherited) @executable_path/Frameworks";
				PRODUCT_BUNDLE_IDENTIFIER = com.zerx.Zerx;
				PRODUCT_NAME = "$(TARGET_NAME)";
				PROVISIONING_PROFILE = "22148cb2-7a6f-4776-b365-2a5794da3114";
			};
			name = Release;
		};
		8A7F73E31D134E6200342A6C /* Debug */ = {
			isa = XCBuildConfiguration;
			buildSettings = {
				BUNDLE_LOADER = "$(TEST_HOST)";
				INFOPLIST_FILE = ZerxTests/Info.plist;
				LD_RUNPATH_SEARCH_PATHS = "$(inherited) @executable_path/Frameworks @loader_path/Frameworks";
				PRODUCT_BUNDLE_IDENTIFIER = zerx.ZerxTests;
				PRODUCT_NAME = "$(TARGET_NAME)";
				TEST_HOST = "$(BUILT_PRODUCTS_DIR)/Zerx.app/Zerx";
			};
			name = Debug;
		};
		8A7F73E41D134E6200342A6C /* Release */ = {
			isa = XCBuildConfiguration;
			buildSettings = {
				BUNDLE_LOADER = "$(TEST_HOST)";
				INFOPLIST_FILE = ZerxTests/Info.plist;
				LD_RUNPATH_SEARCH_PATHS = "$(inherited) @executable_path/Frameworks @loader_path/Frameworks";
				PRODUCT_BUNDLE_IDENTIFIER = zerx.ZerxTests;
				PRODUCT_NAME = "$(TARGET_NAME)";
				TEST_HOST = "$(BUILT_PRODUCTS_DIR)/Zerx.app/Zerx";
			};
			name = Release;
		};
		8A7F73E61D134E6200342A6C /* Debug */ = {
			isa = XCBuildConfiguration;
			buildSettings = {
				INFOPLIST_FILE = ZerxUITests/Info.plist;
				LD_RUNPATH_SEARCH_PATHS = "$(inherited) @executable_path/Frameworks @loader_path/Frameworks";
				PRODUCT_BUNDLE_IDENTIFIER = zerx.ZerxUITests;
				PRODUCT_NAME = "$(TARGET_NAME)";
				TEST_TARGET_NAME = Zerx;
			};
			name = Debug;
		};
		8A7F73E71D134E6200342A6C /* Release */ = {
			isa = XCBuildConfiguration;
			buildSettings = {
				INFOPLIST_FILE = ZerxUITests/Info.plist;
				LD_RUNPATH_SEARCH_PATHS = "$(inherited) @executable_path/Frameworks @loader_path/Frameworks";
				PRODUCT_BUNDLE_IDENTIFIER = zerx.ZerxUITests;
				PRODUCT_NAME = "$(TARGET_NAME)";
				TEST_TARGET_NAME = Zerx;
			};
			name = Release;
		};
/* End XCBuildConfiguration section */

/* Begin XCConfigurationList section */
		8A7F73AA1D134E6100342A6C /* Build configuration list for PBXProject "Zerx" */ = {
			isa = XCConfigurationList;
			buildConfigurations = (
				8A7F73DD1D134E6200342A6C /* Debug */,
				8A7F73DE1D134E6200342A6C /* Release */,
			);
			defaultConfigurationIsVisible = 0;
			defaultConfigurationName = Release;
		};
		8A7F73DF1D134E6200342A6C /* Build configuration list for PBXNativeTarget "Zerx" */ = {
			isa = XCConfigurationList;
			buildConfigurations = (
				8A7F73E01D134E6200342A6C /* Debug */,
				8A7F73E11D134E6200342A6C /* Release */,
			);
			defaultConfigurationIsVisible = 0;
			defaultConfigurationName = Release;
		};
		8A7F73E21D134E6200342A6C /* Build configuration list for PBXNativeTarget "ZerxTests" */ = {
			isa = XCConfigurationList;
			buildConfigurations = (
				8A7F73E31D134E6200342A6C /* Debug */,
				8A7F73E41D134E6200342A6C /* Release */,
			);
			defaultConfigurationIsVisible = 0;
			defaultConfigurationName = Release;
		};
		8A7F73E51D134E6200342A6C /* Build configuration list for PBXNativeTarget "ZerxUITests" */ = {
			isa = XCConfigurationList;
			buildConfigurations = (
				8A7F73E61D134E6200342A6C /* Debug */,
				8A7F73E71D134E6200342A6C /* Release */,
			);
			defaultConfigurationIsVisible = 0;
			defaultConfigurationName = Release;
		};
/* End XCConfigurationList section */

/* Begin XCVersionGroup section */
		8A7F73BE1D134E6200342A6C /* Zerx.xcdatamodeld */ = {
			isa = XCVersionGroup;
			children = (
				8A7F73BF1D134E6200342A6C /* Zerx.xcdatamodel */,
			);
			currentVersion = 8A7F73BF1D134E6200342A6C /* Zerx.xcdatamodel */;
			path = Zerx.xcdatamodeld;
			sourceTree = "<group>";
			versionGroupType = wrapper.xcdatamodel;
		};
/* End XCVersionGroup section */
	};
	rootObject = 8A7F73A71D134E6100342A6C /* Project object */;
}
